
Microsoft Visual Studio Solution File, Format Version 12.00
# Visual Studio Version 16
VisualStudioVersion = 16.0.29613.14
MinimumVisualStudioVersion = 10.0.40219.1
Project("{FAE04EC0-301F-11D3-BF4B-00C04F79EFBC}") = "NearSoft interview", "NearSoft interview\NearSoft interview.csproj", "{768B16FE-4482-40CD-AD6C-79A68F038ADE}"
EndProject
Global
	GlobalSection(SolutionConfigurationPlatforms) = preSolution
		Debug|Any CPU = Debug|Any CPU
		Release|Any CPU = Release|Any CPU
	EndGlobalSection
	GlobalSection(ProjectConfigurationPlatforms) = postSolution
		{768B16FE-4482-40CD-AD6C-79A68F038ADE}.Debug|Any CPU.ActiveCfg = Debug|Any CPU
		{768B16FE-4482-40CD-AD6C-79A68F038ADE}.Debug|Any CPU.Build.0 = Debug|Any CPU
		{768B16FE-4482-40CD-AD6C-79A68F038ADE}.Release|Any CPU.ActiveCfg = Release|Any CPU
		{768B16FE-4482-40CD-AD6C-79A68F038ADE}.Release|Any CPU.Build.0 = Release|Any CPU
	EndGlobalSection
	GlobalSection(SolutionProperties) = preSolution
		HideSolutionNode = FALSE
	EndGlobalSection
	GlobalSection(ExtensibilityGlobals) = postSolution
		SolutionGuid = {958D85A2-51A3-4DE8-8CCD-CA72E25A9001}
	EndGlobalSection
EndGlobal
